{
  "originHash" : "592d553922c32b6888cf8117af997c9bca1ada836fd763dd83b159e9fc024e28",
  "pins" : [
    {
      "identity" : "lrucache",
      "kind" : "remoteSourceControl",
      "location" : "https://github.com/nicklockwood/LRUCache.git",
      "state" : {
        "revision" : "0d91406ecd4d6c1c56275866f00508d9aeacc92a",
        "version" : "1.2.0"
      }
    },
    {
      "identity" : "swift-atomics",
      "kind" : "remoteSourceControl",
      "location" : "https://github.com/apple/swift-atomics.git",
      "state" : {
        "revision" : "b601256eab081c0f92f059e12818ac1d4f178ff7",
        "version" : "1.3.0"
      }
    },
    {
      "identity" : "swift-syntax",
      "kind" : "remoteSourceControl",
      "location" : "https://github.com/swiftlang/swift-syntax.git",
      "state" : {
        "revision" : "ef367f7370c51200ed95b384e03d545f59c7fc98",
        "version" : "603.0.0-prerelease-2025-10-30"
      }
    },
    {
      "identity" : "swift-testing",
      "kind" : "remoteSourceControl",
      "location" : "https://github.com/apple/swift-testing.git",
      "state" : {
        "revision" : "1d3961a0b006c25bec5301a01f4ba4fbfa7253c6"
      }
    },
    {
      "identity" : "swiftsoup",
      "kind" : "remoteSourceControl",
      "location" : "https://github.com/scinfu/SwiftSoup.git",
      "state" : {
        "revision" : "4b34c3252e31bb03501ce3d35a63ec8da62f1a9b"
      }
    }
  ],
  "version" : 3
}
