{
  "originHash" : "cbbf3760e0577d34272ec6770f3d675ed660997d8ae73357664ff4fdf3fa21d5",
  "pins" : [
    {
      "identity" : "swift-syntax",
      "kind" : "remoteSourceControl",
      "location" : "https://github.com/swiftlang/swift-syntax.git",
      "state" : {
        "revision" : "ef367f7370c51200ed95b384e03d545f59c7fc98",
        "version" : "603.0.0-prerelease-2025-10-30"
      }
    },
    {
      "identity" : "swift-testing",
      "kind" : "remoteSourceControl",
      "location" : "https://github.com/apple/swift-testing.git",
      "state" : {
        "revision" : "1d3961a0b006c25bec5301a01f4ba4fbfa7253c6"
      }
    }
  ],
  "version" : 3
}
